// !$*UTF8*$!
{
	archiveVersion = 1;
	classes = {
	};
	objectVersion = 50;
	objects = {

/* Begin PBXBuildFile section */
		85AC096420DADE0A0029B07E /* AppDelegate.swift in Sources */ = {isa = PBXBuildFile; fileRef = 85AC096320DADE0A0029B07E /* AppDelegate.swift */; };
		85AC096620DADE0A0029B07E /* ViewController.swift in Sources */ = {isa = PBXBuildFile; fileRef = 85AC096520DADE0A0029B07E /* ViewController.swift */; };
		85AC096920DADE0A0029B07E /* Main.storyboard in Resources */ = {isa = PBXBuildFile; fileRef = 85AC096720DADE0A0029B07E /* Main.storyboard */; };
		85AC096B20DADE0A0029B07E /* Assets.xcassets in Resources */ = {isa = PBXBuildFile; fileRef = 85AC096A20DADE0A0029B07E /* Assets.xcassets */; };
		85AC096E20DADE0A0029B07E /* LaunchScreen.storyboard in Resources */ = {isa = PBXBuildFile; fileRef = 85AC096C20DADE0A0029B07E /* LaunchScreen.storyboard */; };
		85AC097920DADE0B0029B07E /* storyboardprojectTests.swift in Sources */ = {isa = PBXBuildFile; fileRef = 85AC097820DADE0B0029B07E /* storyboardprojectTests.swift */; };
		85AC098420DADE0B0029B07E /* storyboardprojectUITests.swift in Sources */ = {isa = PBXBuildFile; fileRef = 85AC098320DADE0B0029B07E /* storyboardprojectUITests.swift */; };
/* End PBXBuildFile section */

/* Begin PBXContainerItemProxy section */
		85AC097520DADE0B0029B07E /* PBXContainerItemProxy */ = {
			isa = PBXContainerItemProxy;
			containerPortal = 85AC095820DADE0A0029B07E /* Project object */;
			proxyType = 1;
			remoteGlobalIDString = 85AC095F20DADE0A0029B07E;
			remoteInfo = storyboardproject;
		};
		85AC098020DADE0B0029B07E /* PBXContainerItemProxy */ = {
			isa = PBXContainerItemProxy;
			containerPortal = 85AC095820DADE0A0029B07E /* Project object */;
			proxyType = 1;
			remoteGlobalIDString = 85AC095F20DADE0A0029B07E;
			remoteInfo = storyboardproject;
		};
/* End PBXContainerItemProxy section */

/* Begin PBXFileReference section */
		85AC096020DADE0A0029B07E /* storyboardproject.app */ = {isa = PBXFileReference; explicitFileType = wrapper.application; includeInIndex = 0; path = storyboardproject.app; sourceTree = BUILT_PRODUCTS_DIR; };
		85AC096320DADE0A0029B07E /* AppDelegate.swift */ = {isa = PBXFileReference; lastKnownFileType = sourcecode.swift; path = AppDelegate.swift; sourceTree = "<group>"; };
		85AC096520DADE0A0029B07E /* ViewController.swift */ = {isa = PBXFileReference; lastKnownFileType = sourcecode.swift; path = ViewController.swift; sourceTree = "<group>"; };
		85AC096820DADE0A0029B07E /* Base */ = {isa = PBXFileReference; lastKnownFileType = file.storyboard; name = Base; path = Base.lproj/Main.storyboard; sourceTree = "<group>"; };
		85AC096A20DADE0A0029B07E /* Assets.xcassets */ = {isa = PBXFileReference; lastKnownFileType = folder.assetcatalog; path = Assets.xcassets; sourceTree = "<group>"; };
		85AC096D20DADE0A0029B07E /* Base */ = {isa = PBXFileReference; lastKnownFileType = file.storyboard; name = Base; path = Base.lproj/LaunchScreen.storyboard; sourceTree = "<group>"; };
		85AC096F20DADE0A0029B07E /* Info.plist */ = {isa = PBXFileReference; lastKnownFileType = text.plist.xml; path = Info.plist; sourceTree = "<group>"; };
		85AC097420DADE0B0029B07E /* storyboardprojectTests.xctest */ = {isa = PBXFileReference; explicitFileType = wrapper.cfbundle; includeInIndex = 0; path = storyboardprojectTests.xctest; sourceTree = BUILT_PRODUCTS_DIR; };
		85AC097820DADE0B0029B07E /* storyboardprojectTests.swift */ = {isa = PBXFileReference; lastKnownFileType = sourcecode.swift; path = storyboardprojectTests.swift; sourceTree = "<group>"; };
		85AC097A20DADE0B0029B07E /* Info.plist */ = {isa = PBXFileReference; lastKnownFileType = text.plist.xml; path = Info.plist; sourceTree = "<group>"; };
		85AC097F20DADE0B0029B07E /* storyboardprojectUITests.xctest */ = {isa = PBXFileReference; explicitFileType = wrapper.cfbundle; includeInIndex = 0; path = storyboardprojectUITests.xctest; sourceTree = BUILT_PRODUCTS_DIR; };
		85AC098320DADE0B0029B07E /* storyboardprojectUITests.swift */ = {isa = PBXFileReference; lastKnownFileType = sourcecode.swift; path = storyboardprojectUITests.swift; sourceTree = "<group>"; };
		85AC098520DADE0B0029B07E /* Info.plist */ = {isa = PBXFileReference; lastKnownFileType = text.plist.xml; path = Info.plist; sourceTree = "<group>"; };
/* End PBXFileReference section */

/* Begin PBXFrameworksBuildPhase section */
		85AC095D20DADE0A0029B07E /* Frameworks */ = {
			isa = PBXFrameworksBuildPhase;
			buildActionMask = 2147483647;
			files = (
			);
			runOnlyForDeploymentPostprocessing = 0;
		};
		85AC097120DADE0B0029B07E /* Frameworks */ = {
			isa = PBXFrameworksBuildPhase;
			buildActionMask = 2147483647;
			files = (
			);
			runOnlyForDeploymentPostprocessing = 0;
		};
		85AC097C20DADE0B0029B07E /* Frameworks */ = {
			isa = PBXFrameworksBuildPhase;
			buildActionMask = 2147483647;
			files = (
			);
			runOnlyForDeploymentPostprocessing = 0;
		};
/* End PBXFrameworksBuildPhase section */

/* Begin PBXGroup section */
		85AC095720DADE0A0029B07E = {
			isa = PBXGroup;
			children = (
				85AC096220DADE0A0029B07E /* storyboardproject */,
				85AC097720DADE0B0029B07E /* storyboardprojectTests */,
				85AC098220DADE0B0029B07E /* storyboardprojectUITests */,
				85AC096120DADE0A0029B07E /* Products */,
			);
			sourceTree = "<group>";
		};
		85AC096120DADE0A0029B07E /* Products */ = {
			isa = PBXGroup;
			children = (
				85AC096020DADE0A0029B07E /* storyboardproject.app */,
				85AC097420DADE0B0029B07E /* storyboardprojectTests.xctest */,
				85AC097F20DADE0B0029B07E /* storyboardprojectUITests.xctest */,
			);
			name = Products;
			sourceTree = "<group>";
		};
		85AC096220DADE0A0029B07E /* storyboardproject */ = {
			isa = PBXGroup;
			children = (
				85AC096320DADE0A0029B07E /* AppDelegate.swift */,
				85AC096520DADE0A0029B07E /* ViewController.swift */,
				85AC096720DADE0A0029B07E /* Main.storyboard */,
				85AC096A20DADE0A0029B07E /* Assets.xcassets */,
				85AC096C20DADE0A0029B07E /* LaunchScreen.storyboard */,
				85AC096F20DADE0A0029B07E /* Info.plist */,
			);
			path = storyboardproject;
			sourceTree = "<group>";
		};
		85AC097720DADE0B0029B07E /* storyboardprojectTests */ = {
			isa = PBXGroup;
			children = (
				85AC097820DADE0B0029B07E /* storyboardprojectTests.swift */,
				85AC097A20DADE0B0029B07E /* Info.plist */,
			);
			path = storyboardprojectTests;
			sourceTree = "<group>";
		};
		85AC098220DADE0B0029B07E /* storyboardprojectUITests */ = {
			isa = PBXGroup;
			children = (
				85AC098320DADE0B0029B07E /* storyboardprojectUITests.swift */,
				85AC098520DADE0B0029B07E /* Info.plist */,
			);
			path = storyboardprojectUITests;
			sourceTree = "<group>";
		};
/* End PBXGroup section */

/* Begin PBXNativeTarget section */
		85AC095F20DADE0A0029B07E /* storyboardproject */ = {
			isa = PBXNativeTarget;
			buildConfigurationList = 85AC098820DADE0B0029B07E /* Build configuration list for PBXNativeTarget "storyboardproject" */;
			buildPhases = (
				85AC095C20DADE0A0029B07E /* Sources */,
				85AC095D20DADE0A0029B07E /* Frameworks */,
				85AC095E20DADE0A0029B07E /* Resources */,
			);
			buildRules = (
			);
			dependencies = (
			);
			name = storyboardproject;
			productName = storyboardproject;
			productReference = 85AC096020DADE0A0029B07E /* storyboardproject.app */;
			productType = "com.apple.product-type.application";
		};
		85AC097320DADE0B0029B07E /* storyboardprojectTests */ = {
			isa = PBXNativeTarget;
			buildConfigurationList = 85AC098B20DADE0B0029B07E /* Build configuration list for PBXNativeTarget "storyboardprojectTests" */;
			buildPhases = (
				85AC097020DADE0B0029B07E /* Sources */,
				85AC097120DADE0B0029B07E /* Frameworks */,
				85AC097220DADE0B0029B07E /* Resources */,
			);
			buildRules = (
			);
			dependencies = (
				85AC097620DADE0B0029B07E /* PBXTargetDependency */,
			);
			name = storyboardprojectTests;
			productName = storyboardprojectTests;
			productReference = 85AC097420DADE0B0029B07E /* storyboardprojectTests.xctest */;
			productType = "com.apple.product-type.bundle.unit-test";
		};
		85AC097E20DADE0B0029B07E /* storyboardprojectUITests */ = {
			isa = PBXNativeTarget;
			buildConfigurationList = 85AC098E20DADE0B0029B07E /* Build configuration list for PBXNativeTarget "storyboardprojectUITests" */;
			buildPhases = (
				85AC097B20DADE0B0029B07E /* Sources */,
				85AC097C20DADE0B0029B07E /* Frameworks */,
				85AC097D20DADE0B0029B07E /* Resources */,
			);
			buildRules = (
			);
			dependencies = (
				85AC098120DADE0B0029B07E /* PBXTargetDependency */,
			);
			name = storyboardprojectUITests;
			productName = storyboardprojectUITests;
			productReference = 85AC097F20DADE0B0029B07E /* storyboardprojectUITests.xctest */;
			productType = "com.apple.product-type.bundle.ui-testing";
		};
/* End PBXNativeTarget section */

/* Begin PBXProject section */
		85AC095820DADE0A0029B07E /* Project object */ = {
			isa = PBXProject;
			attributes = {
				LastSwiftUpdateCheck = 0940;
				LastUpgradeCheck = 0940;
				ORGANIZATIONNAME = "Anja Tonkovic-Capin";
				TargetAttributes = {
					85AC095F20DADE0A0029B07E = {
						CreatedOnToolsVersion = 9.4;
					};
					85AC097320DADE0B0029B07E = {
						CreatedOnToolsVersion = 9.4;
						TestTargetID = 85AC095F20DADE0A0029B07E;
					};
					85AC097E20DADE0B0029B07E = {
						CreatedOnToolsVersion = 9.4;
						TestTargetID = 85AC095F20DADE0A0029B07E;
					};
				};
			};
			buildConfigurationList = 85AC095B20DADE0A0029B07E /* Build configuration list for PBXProject "storyboardproject" */;
			compatibilityVersion = "Xcode 9.3";
			developmentRegion = en;
			hasScannedForEncodings = 0;
			knownRegions = (
				en,
				Base,
			);
			mainGroup = 85AC095720DADE0A0029B07E;
			productRefGroup = 85AC096120DADE0A0029B07E /* Products */;
			projectDirPath = "";
			projectRoot = "";
			targets = (
				85AC095F20DADE0A0029B07E /* storyboardproject */,
				85AC097320DADE0B0029B07E /* storyboardprojectTests */,
				85AC097E20DADE0B0029B07E /* storyboardprojectUITests */,
			);
		};
/* End PBXProject section */

/* Begin PBXResourcesBuildPhase section */
		85AC095E20DADE0A0029B07E /* Resources */ = {
			isa = PBXResourcesBuildPhase;
			buildActionMask = 2147483647;
			files = (
				85AC096E20DADE0A0029B07E /* LaunchScreen.storyboard in Resources */,
				85AC096B20DADE0A0029B07E /* Assets.xcassets in Resources */,
				85AC096920DADE0A0029B07E /* Main.storyboard in Resources */,
			);
			runOnlyForDeploymentPostprocessing = 0;
		};
		85AC097220DADE0B0029B07E /* Resources */ = {
			isa = PBXResourcesBuildPhase;
			buildActionMask = 2147483647;
			files = (
			);
			runOnlyForDeploymentPostprocessing = 0;
		};
		85AC097D20DADE0B0029B07E /* Resources */ = {
			isa = PBXResourcesBuildPhase;
			buildActionMask = 2147483647;
			files = (
			);
			runOnlyForDeploymentPostprocessing = 0;
		};
/* End PBXResourcesBuildPhase section */

/* Begin PBXSourcesBuildPhase section */
		85AC095C20DADE0A0029B07E /* Sources */ = {
			isa = PBXSourcesBuildPhase;
			buildActionMask = 2147483647;
			files = (
				85AC096620DADE0A0029B07E /* ViewController.swift in Sources */,
				85AC096420DADE0A0029B07E /* AppDelegate.swift in Sources */,
			);
			runOnlyForDeploymentPostprocessing = 0;
		};
		85AC097020DADE0B0029B07E /* Sources */ = {
			isa = PBXSourcesBuildPhase;
			buildActionMask = 2147483647;
			files = (
				85AC097920DADE0B0029B07E /* storyboardprojectTests.swift in Sources */,
			);
			runOnlyForDeploymentPostprocessing = 0;
		};
		85AC097B20DADE0B0029B07E /* Sources */ = {
			isa = PBXSourcesBuildPhase;
			buildActionMask = 2147483647;
			files = (
				85AC098420DADE0B0029B07E /* storyboardprojectUITests.swift in Sources */,
			);
			runOnlyForDeploymentPostprocessing = 0;
		};
/* End PBXSourcesBuildPhase section */

/* Begin PBXTargetDependency section */
		85AC097620DADE0B0029B07E /* PBXTargetDependency */ = {
			isa = PBXTargetDependency;
			target = 85AC095F20DADE0A0029B07E /* storyboardproject */;
			targetProxy = 85AC097520DADE0B0029B07E /* PBXContainerItemProxy */;
		};
		85AC098120DADE0B0029B07E /* PBXTargetDependency */ = {
			isa = PBXTargetDependency;
			target = 85AC095F20DADE0A0029B07E /* storyboardproject */;
			targetProxy = 85AC098020DADE0B0029B07E /* PBXContainerItemProxy */;
		};
/* End PBXTargetDependency section */

/* Begin PBXVariantGroup section */
		85AC096720DADE0A0029B07E /* Main.storyboard */ = {
			isa = PBXVariantGroup;
			children = (
				85AC096820DADE0A0029B07E /* Base */,
			);
			name = Main.storyboard;
			sourceTree = "<group>";
		};
		85AC096C20DADE0A0029B07E /* LaunchScreen.storyboard */ = {
			isa = PBXVariantGroup;
			children = (
				85AC096D20DADE0A0029B07E /* Base */,
			);
			name = LaunchScreen.storyboard;
			sourceTree = "<group>";
		};
/* End PBXVariantGroup section */

/* Begin XCBuildConfiguration section */
		85AC098620DADE0B0029B07E /* Debug */ = {
			isa = XCBuildConfiguration;
			buildSettings = {
				ALWAYS_SEARCH_USER_PATHS = NO;
				CLANG_ANALYZER_NONNULL = YES;
				CLANG_ANALYZER_NUMBER_OBJECT_CONVERSION = YES_AGGRESSIVE;
				CLANG_CXX_LANGUAGE_STANDARD = "gnu++14";
				CLANG_CXX_LIBRARY = "libc++";
				CLANG_ENABLE_MODULES = YES;
				CLANG_ENABLE_OBJC_ARC = YES;
				CLANG_ENABLE_OBJC_WEAK = YES;
				CLANG_WARN_BLOCK_CAPTURE_AUTORELEASING = YES;
				CLANG_WARN_BOOL_CONVERSION = YES;
				CLANG_WARN_COMMA = YES;
				CLANG_WARN_CONSTANT_CONVERSION = YES;
				CLANG_WARN_DEPRECATED_OBJC_IMPLEMENTATIONS = YES;
				CLANG_WARN_DIRECT_OBJC_ISA_USAGE = YES_ERROR;
				CLANG_WARN_DOCUMENTATION_COMMENTS = YES;
				CLANG_WARN_EMPTY_BODY = YES;
				CLANG_WARN_ENUM_CONVERSION = YES;
				CLANG_WARN_INFINITE_RECURSION = YES;
				CLANG_WARN_INT_CONVERSION = YES;
				CLANG_WARN_NON_LITERAL_NULL_CONVERSION = YES;
				CLANG_WARN_OBJC_IMPLICIT_RETAIN_SELF = YES;
				CLANG_WARN_OBJC_LITERAL_CONVERSION = YES;
				CLANG_WARN_OBJC_ROOT_CLASS = YES_ERROR;
				CLANG_WARN_RANGE_LOOP_ANALYSIS = YES;
				CLANG_WARN_STRICT_PROTOTYPES = YES;
				CLANG_WARN_SUSPICIOUS_MOVE = YES;
				CLANG_WARN_UNGUARDED_AVAILABILITY = YES_AGGRESSIVE;
				CLANG_WARN_UNREACHABLE_CODE = YES;
				CLANG_WARN__DUPLICATE_METHOD_MATCH = YES;
				CODE_SIGN_IDENTITY = "iPhone Developer";
				COPY_PHASE_STRIP = NO;
				DEBUG_INFORMATION_FORMAT = dwarf;
				ENABLE_STRICT_OBJC_MSGSEND = YES;
				ENABLE_TESTABILITY = YES;
				GCC_C_LANGUAGE_STANDARD = gnu11;
				GCC_DYNAMIC_NO_PIC = NO;
				GCC_NO_COMMON_BLOCKS = YES;
				GCC_OPTIMIZATION_LEVEL = 0;
				GCC_PREPROCESSOR_DEFINITIONS = (
					"DEBUG=1",
					"$(inherited)",
				);
				GCC_WARN_64_TO_32_BIT_CONVERSION = YES;
				GCC_WARN_ABOUT_RETURN_TYPE = YES_ERROR;
				GCC_WARN_UNDECLARED_SELECTOR = YES;
				GCC_WARN_UNINITIALIZED_AUTOS = YES_AGGRESSIVE;
				GCC_WARN_UNUSED_FUNCTION = YES;
				GCC_WARN_UNUSED_VARIABLE = YES;
				IPHONEOS_DEPLOYMENT_TARGET = 11.4;
				MTL_ENABLE_DEBUG_INFO = YES;
				ONLY_ACTIVE_ARCH = YES;
				SDKROOT = iphoneos;
				SWIFT_ACTIVE_COMPILATION_CONDITIONS = DEBUG;
				SWIFT_OPTIMIZATION_LEVEL = "-Onone";
			};
			name = Debug;
		};
		85AC098720DADE0B0029B07E /* Release */ = {
			isa = XCBuildConfiguration;
			buildSettings = {
				ALWAYS_SEARCH_USER_PATHS = NO;
				CLANG_ANALYZER_NONNULL = YES;
				CLANG_ANALYZER_NUMBER_OBJECT_CONVERSION = YES_AGGRESSIVE;
				CLANG_CXX_LANGUAGE_STANDARD = "gnu++14";
				CLANG_CXX_LIBRARY = "libc++";
				CLANG_ENABLE_MODULES = YES;
				CLANG_ENABLE_OBJC_ARC = YES;
				CLANG_ENABLE_OBJC_WEAK = YES;
				CLANG_WARN_BLOCK_CAPTURE_AUTORELEASING = YES;
				CLANG_WARN_BOOL_CONVERSION = YES;
				CLANG_WARN_COMMA = YES;
				CLANG_WARN_CONSTANT_CONVERSION = YES;
				CLANG_WARN_DEPRECATED_OBJC_IMPLEMENTATIONS = YES;
				CLANG_WARN_DIRECT_OBJC_ISA_USAGE = YES_ERROR;
				CLANG_WARN_DOCUMENTATION_COMMENTS = YES;
				CLANG_WARN_EMPTY_BODY = YES;
				CLANG_WARN_ENUM_CONVERSION = YES;
				CLANG_WARN_INFINITE_RECURSION = YES;
				CLANG_WARN_INT_CONVERSION = YES;
				CLANG_WARN_NON_LITERAL_NULL_CONVERSION = YES;
				CLANG_WARN_OBJC_IMPLICIT_RETAIN_SELF = YES;
				CLANG_WARN_OBJC_LITERAL_CONVERSION = YES;
				CLANG_WARN_OBJC_ROOT_CLASS = YES_ERROR;
				CLANG_WARN_RANGE_LOOP_ANALYSIS = YES;
				CLANG_WARN_STRICT_PROTOTYPES = YES;
				CLANG_WARN_SUSPICIOUS_MOVE = YES;
				CLANG_WARN_UNGUARDED_AVAILABILITY = YES_AGGRESSIVE;
				CLANG_WARN_UNREACHABLE_CODE = YES;
				CLANG_WARN__DUPLICATE_METHOD_MATCH = YES;
				CODE_SIGN_IDENTITY = "iPhone Developer";
				COPY_PHASE_STRIP = NO;
				DEBUG_INFORMATION_FORMAT = "dwarf-with-dsym";
				ENABLE_NS_ASSERTIONS = NO;
				ENABLE_STRICT_OBJC_MSGSEND = YES;
				GCC_C_LANGUAGE_STANDARD = gnu11;
				GCC_NO_COMMON_BLOCKS = YES;
				GCC_WARN_64_TO_32_BIT_CONVERSION = YES;
				GCC_WARN_ABOUT_RETURN_TYPE = YES_ERROR;
				GCC_WARN_UNDECLARED_SELECTOR = YES;
				GCC_WARN_UNINITIALIZED_AUTOS = YES_AGGRESSIVE;
				GCC_WARN_UNUSED_FUNCTION = YES;
				GCC_WARN_UNUSED_VARIABLE = YES;
				IPHONEOS_DEPLOYMENT_TARGET = 11.4;
				MTL_ENABLE_DEBUG_INFO = NO;
				SDKROOT = iphoneos;
				SWIFT_COMPILATION_MODE = wholemodule;
				SWIFT_OPTIMIZATION_LEVEL = "-O";
				VALIDATE_PRODUCT = YES;
			};
			name = Release;
		};
		85AC098920DADE0B0029B07E /* Debug */ = {
			isa = XCBuildConfiguration;
			buildSettings = {
				ASSETCATALOG_COMPILER_APPICON_NAME = AppIcon;
				CODE_SIGN_STYLE = Automatic;
				INFOPLIST_FILE = storyboardproject/Info.plist;
				LD_RUNPATH_SEARCH_PATHS = (
					"$(inherited)",
					"@executable_path/Frameworks",
				);
				PRODUCT_BUNDLE_IDENTIFIER = com.anja.storyboardproject;
				PRODUCT_NAME = "$(TARGET_NAME)";
				SWIFT_VERSION = 4.0;
				TARGETED_DEVICE_FAMILY = "1,2";
			};
			name = Debug;
		};
		85AC098A20DADE0B0029B07E /* Release */ = {
			isa = XCBuildConfiguration;
			buildSettings = {
				ASSETCATALOG_COMPILER_APPICON_NAME = AppIcon;
				CODE_SIGN_STYLE = Automatic;
				INFOPLIST_FILE = storyboardproject/Info.plist;
				LD_RUNPATH_SEARCH_PATHS = (
					"$(inherited)",
					"@executable_path/Frameworks",
				);
				PRODUCT_BUNDLE_IDENTIFIER = com.anja.storyboardproject;
				PRODUCT_NAME = "$(TARGET_NAME)";
				SWIFT_VERSION = 4.0;
				TARGETED_DEVICE_FAMILY = "1,2";
			};
			name = Release;
		};
		85AC098C20DADE0B0029B07E /* Debug */ = {
			isa = XCBuildConfiguration;
			buildSettings = {
				ALWAYS_EMBED_SWIFT_STANDARD_LIBRARIES = YES;
				BUNDLE_LOADER = "$(TEST_HOST)";
				CODE_SIGN_STYLE = Automatic;
				INFOPLIST_FILE = storyboardprojectTests/Info.plist;
				LD_RUNPATH_SEARCH_PATHS = (
					"$(inherited)",
					"@executable_path/Frameworks",
					"@loader_path/Frameworks",
				);
				PRODUCT_BUNDLE_IDENTIFIER = com.anja.storyboardprojectTests;
				PRODUCT_NAME = "$(TARGET_NAME)";
				SWIFT_VERSION = 4.0;
				TARGETED_DEVICE_FAMILY = "1,2";
				TEST_HOST = "$(BUILT_PRODUCTS_DIR)/storyboardproject.app/storyboardproject";
			};
			name = Debug;
		};
		85AC098D20DADE0B0029B07E /* Release */ = {
			isa = XCBuildConfiguration;
			buildSettings = {
				ALWAYS_EMBED_SWIFT_STANDARD_LIBRARIES = YES;
				BUNDLE_LOADER = "$(TEST_HOST)";
				CODE_SIGN_STYLE = Automatic;
				INFOPLIST_FILE = storyboardprojectTests/Info.plist;
				LD_RUNPATH_SEARCH_PATHS = (
					"$(inherited)",
					"@executable_path/Frameworks",
					"@loader_path/Frameworks",
				);
				PRODUCT_BUNDLE_IDENTIFIER = com.anja.storyboardprojectTests;
				PRODUCT_NAME = "$(TARGET_NAME)";
				SWIFT_VERSION = 4.0;
				TARGETED_DEVICE_FAMILY = "1,2";
				TEST_HOST = "$(BUILT_PRODUCTS_DIR)/storyboardproject.app/storyboardproject";
			};
			name = Release;
		};
		85AC098F20DADE0B0029B07E /* Debug */ = {
			isa = XCBuildConfiguration;
			buildSettings = {
				ALWAYS_EMBED_SWIFT_STANDARD_LIBRARIES = YES;
				CODE_SIGN_STYLE = Automatic;
				INFOPLIST_FILE = storyboardprojectUITests/Info.plist;
				LD_RUNPATH_SEARCH_PATHS = (
					"$(inherited)",
					"@executable_path/Frameworks",
					"@loader_path/Frameworks",
				);
				PRODUCT_BUNDLE_IDENTIFIER = com.anja.storyboardprojectUITests;
				PRODUCT_NAME = "$(TARGET_NAME)";
				SWIFT_VERSION = 4.0;
				TARGETED_DEVICE_FAMILY = "1,2";
				TEST_TARGET_NAME = storyboardproject;
			};
			name = Debug;
		};
		85AC099020DADE0B0029B07E /* Release */ = {
			isa = XCBuildConfiguration;
			buildSettings = {
				ALWAYS_EMBED_SWIFT_STANDARD_LIBRARIES = YES;
				CODE_SIGN_STYLE = Automatic;
				INFOPLIST_FILE = storyboardprojectUITests/Info.plist;
				LD_RUNPATH_SEARCH_PATHS = (
					"$(inherited)",
					"@executable_path/Frameworks",
					"@loader_path/Frameworks",
				);
				PRODUCT_BUNDLE_IDENTIFIER = com.anja.storyboardprojectUITests;
				PRODUCT_NAME = "$(TARGET_NAME)";
				SWIFT_VERSION = 4.0;
				TARGETED_DEVICE_FAMILY = "1,2";
				TEST_TARGET_NAME = storyboardproject;
			};
			name = Release;
		};
/* End XCBuildConfiguration section */

/* Begin XCConfigurationList section */
		85AC095B20DADE0A0029B07E /* Build configuration list for PBXProject "storyboardproject" */ = {
			isa = XCConfigurationList;
			buildConfigurations = (
				85AC098620DADE0B0029B07E /* Debug */,
				85AC098720DADE0B0029B07E /* Release */,
			);
			defaultConfigurationIsVisible = 0;
			defaultConfigurationName = Release;
		};
		85AC098820DADE0B0029B07E /* Build configuration list for PBXNativeTarget "storyboardproject" */ = {
			isa = XCConfigurationList;
			buildConfigurations = (
				85AC098920DADE0B0029B07E /* Debug */,
				85AC098A20DADE0B0029B07E /* Release */,
			);
			defaultConfigurationIsVisible = 0;
			defaultConfigurationName = Release;
		};
		85AC098B20DADE0B0029B07E /* Build configuration list for PBXNativeTarget "storyboardprojectTests" */ = {
			isa = XCConfigurationList;
			buildConfigurations = (
				85AC098C20DADE0B0029B07E /* Debug */,
				85AC098D20DADE0B0029B07E /* Release */,
			);
			defaultConfigurationIsVisible = 0;
			defaultConfigurationName = Release;
		};
		85AC098E20DADE0B0029B07E /* Build configuration list for PBXNativeTarget "storyboardprojectUITests" */ = {
			isa = XCConfigurationList;
			buildConfigurations = (
				85AC098F20DADE0B0029B07E /* Debug */,
				85AC099020DADE0B0029B07E /* Release */,
			);
			defaultConfigurationIsVisible = 0;
			defaultConfigurationName = Release;
		};
/* End XCConfigurationList section */
	};
	rootObject = 85AC095820DADE0A0029B07E /* Project object */;
}
